
Microsoft Visual Studio Solution File, Format Version 12.00
# Visual Studio Version 16
VisualStudioVersion = 16.0.31605.320
MinimumVisualStudioVersion = 10.0.40219.1
Project("{888888A0-9F3D-457C-B088-3A5042F75D52}") = "run_robot", "run_robot\run_robot.pyproj", "{329FE4DD-EF5C-4B78-A89E-EDEC8CB26F82}"
EndProject
Global
	GlobalSection(SolutionConfigurationPlatforms) = preSolution
		Debug|Any CPU = Debug|Any CPU
		Release|Any CPU = Release|Any CPU
	EndGlobalSection
	GlobalSection(ProjectConfigurationPlatforms) = postSolution
		{329FE4DD-EF5C-4B78-A89E-EDEC8CB26F82}.Debug|Any CPU.ActiveCfg = Debug|Any CPU
		{329FE4DD-EF5C-4B78-A89E-EDEC8CB26F82}.Release|Any CPU.ActiveCfg = Release|Any CPU
	EndGlobalSection
	GlobalSection(SolutionProperties) = preSolution
		HideSolutionNode = FALSE
	EndGlobalSection
	GlobalSection(ExtensibilityGlobals) = postSolution
		SolutionGuid = {7411581A-B46D-4DBA-A1C9-596233BF279A}
	EndGlobalSection
EndGlobal
